// !$*UTF8*$!
{
	archiveVersion = 1;
	classes = {
	};
	objectVersion = 50;
	objects = {

/* Begin PBXBuildFile section */
		3730301824F9774300F01158 /* AdaptiveConstraint.swift in Sources */ = {isa = PBXBuildFile; fileRef = 3730301724F9774200F01158 /* AdaptiveConstraint.swift */; };
		3730301A24F977F900F01158 /* CGFloat.swift in Sources */ = {isa = PBXBuildFile; fileRef = 3730301924F977F900F01158 /* CGFloat.swift */; };
		373EC41E24F7B6800096DA18 /* AppDelegate.swift in Sources */ = {isa = PBXBuildFile; fileRef = 373EC41D24F7B6800096DA18 /* AppDelegate.swift */; };
		373EC42024F7B6800096DA18 /* SceneDelegate.swift in Sources */ = {isa = PBXBuildFile; fileRef = 373EC41F24F7B6800096DA18 /* SceneDelegate.swift */; };
		373EC42224F7B6800096DA18 /* SplashController.swift in Sources */ = {isa = PBXBuildFile; fileRef = 373EC42124F7B6800096DA18 /* SplashController.swift */; };
		373EC42524F7B6800096DA18 /* Main.storyboard in Resources */ = {isa = PBXBuildFile; fileRef = 373EC42324F7B6800096DA18 /* Main.storyboard */; };
		373EC42724F7B6850096DA18 /* Assets.xcassets in Resources */ = {isa = PBXBuildFile; fileRef = 373EC42624F7B6850096DA18 /* Assets.xcassets */; };
		373EC42A24F7B6850096DA18 /* LaunchScreen.storyboard in Resources */ = {isa = PBXBuildFile; fileRef = 373EC42824F7B6850096DA18 /* LaunchScreen.storyboard */; };
		373EC43224F7CD100096DA18 /* ANCustomView.swift in Sources */ = {isa = PBXBuildFile; fileRef = 373EC43124F7CD100096DA18 /* ANCustomView.swift */; };
		373EC43424F7F9490096DA18 /* CreateAccountContoller.swift in Sources */ = {isa = PBXBuildFile; fileRef = 373EC43324F7F9480096DA18 /* CreateAccountContoller.swift */; };
		377093E824FE66BB002BC6FA /* HSUnderlineTextField.swift in Sources */ = {isa = PBXBuildFile; fileRef = 377093E724FE66BB002BC6FA /* HSUnderlineTextField.swift */; };
/* End PBXBuildFile section */

/* Begin PBXFileReference section */
		3730301724F9774200F01158 /* AdaptiveConstraint.swift */ = {isa = PBXFileReference; lastKnownFileType = sourcecode.swift; path = AdaptiveConstraint.swift; sourceTree = "<group>"; };
		3730301924F977F900F01158 /* CGFloat.swift */ = {isa = PBXFileReference; lastKnownFileType = sourcecode.swift; path = CGFloat.swift; sourceTree = "<group>"; };
		373EC41A24F7B6800096DA18 /* HicolumnApp.app */ = {isa = PBXFileReference; explicitFileType = wrapper.application; includeInIndex = 0; path = HicolumnApp.app; sourceTree = BUILT_PRODUCTS_DIR; };
		373EC41D24F7B6800096DA18 /* AppDelegate.swift */ = {isa = PBXFileReference; lastKnownFileType = sourcecode.swift; path = AppDelegate.swift; sourceTree = "<group>"; };
		373EC41F24F7B6800096DA18 /* SceneDelegate.swift */ = {isa = PBXFileReference; lastKnownFileType = sourcecode.swift; path = SceneDelegate.swift; sourceTree = "<group>"; };
		373EC42124F7B6800096DA18 /* SplashController.swift */ = {isa = PBXFileReference; lastKnownFileType = sourcecode.swift; path = SplashController.swift; sourceTree = "<group>"; };
		373EC42424F7B6800096DA18 /* Base */ = {isa = PBXFileReference; lastKnownFileType = file.storyboard; name = Base; path = Base.lproj/Main.storyboard; sourceTree = "<group>"; };
		373EC42624F7B6850096DA18 /* Assets.xcassets */ = {isa = PBXFileReference; lastKnownFileType = folder.assetcatalog; path = Assets.xcassets; sourceTree = "<group>"; };
		373EC42924F7B6850096DA18 /* Base */ = {isa = PBXFileReference; lastKnownFileType = file.storyboard; name = Base; path = Base.lproj/LaunchScreen.storyboard; sourceTree = "<group>"; };
		373EC42B24F7B6850096DA18 /* Info.plist */ = {isa = PBXFileReference; lastKnownFileType = text.plist.xml; path = Info.plist; sourceTree = "<group>"; };
		373EC43124F7CD100096DA18 /* ANCustomView.swift */ = {isa = PBXFileReference; lastKnownFileType = sourcecode.swift; path = ANCustomView.swift; sourceTree = "<group>"; };
		373EC43324F7F9480096DA18 /* CreateAccountContoller.swift */ = {isa = PBXFileReference; lastKnownFileType = sourcecode.swift; path = CreateAccountContoller.swift; sourceTree = "<group>"; };
		377093E724FE66BB002BC6FA /* HSUnderlineTextField.swift */ = {isa = PBXFileReference; lastKnownFileType = sourcecode.swift; path = HSUnderlineTextField.swift; sourceTree = "<group>"; };
/* End PBXFileReference section */

/* Begin PBXFrameworksBuildPhase section */
		373EC41724F7B6800096DA18 /* Frameworks */ = {
			isa = PBXFrameworksBuildPhase;
			buildActionMask = 2147483647;
			files = (
			);
			runOnlyForDeploymentPostprocessing = 0;
		};
/* End PBXFrameworksBuildPhase section */

/* Begin PBXGroup section */
		373EC41124F7B6800096DA18 = {
			isa = PBXGroup;
			children = (
				373EC41C24F7B6800096DA18 /* HicolumnApp */,
				373EC41B24F7B6800096DA18 /* Products */,
			);
			sourceTree = "<group>";
		};
		373EC41B24F7B6800096DA18 /* Products */ = {
			isa = PBXGroup;
			children = (
				373EC41A24F7B6800096DA18 /* HicolumnApp.app */,
			);
			name = Products;
			sourceTree = "<group>";
		};
		373EC41C24F7B6800096DA18 /* HicolumnApp */ = {
			isa = PBXGroup;
			children = (
				373EC41D24F7B6800096DA18 /* AppDelegate.swift */,
				373EC41F24F7B6800096DA18 /* SceneDelegate.swift */,
				373EC42124F7B6800096DA18 /* SplashController.swift */,
				373EC42324F7B6800096DA18 /* Main.storyboard */,
				373EC42624F7B6850096DA18 /* Assets.xcassets */,
				373EC42824F7B6850096DA18 /* LaunchScreen.storyboard */,
				373EC42B24F7B6850096DA18 /* Info.plist */,
				3730301924F977F900F01158 /* CGFloat.swift */,
				3730301724F9774200F01158 /* AdaptiveConstraint.swift */,
				373EC43124F7CD100096DA18 /* ANCustomView.swift */,
				373EC43324F7F9480096DA18 /* CreateAccountContoller.swift */,
				377093E724FE66BB002BC6FA /* HSUnderlineTextField.swift */,
			);
			path = HicolumnApp;
			sourceTree = "<group>";
		};
/* End PBXGroup section */

/* Begin PBXNativeTarget section */
		373EC41924F7B6800096DA18 /* HicolumnApp */ = {
			isa = PBXNativeTarget;
			buildConfigurationList = 373EC42E24F7B6850096DA18 /* Build configuration list for PBXNativeTarget "HicolumnApp" */;
			buildPhases = (
				373EC41624F7B6800096DA18 /* Sources */,
				373EC41724F7B6800096DA18 /* Frameworks */,
				373EC41824F7B6800096DA18 /* Resources */,
			);
			buildRules = (
			);
			dependencies = (
			);
			name = HicolumnApp;
			productName = HicolumnApp;
			productReference = 373EC41A24F7B6800096DA18 /* HicolumnApp.app */;
			productType = "com.apple.product-type.application";
		};
/* End PBXNativeTarget section */

/* Begin PBXProject section */
		373EC41224F7B6800096DA18 /* Project object */ = {
			isa = PBXProject;
			attributes = {
				LastSwiftUpdateCheck = 1160;
				LastUpgradeCheck = 1160;
				ORGANIZATIONNAME = "Gabriel Hephzibah";
				TargetAttributes = {
					373EC41924F7B6800096DA18 = {
						CreatedOnToolsVersion = 11.6;
					};
				};
			};
			buildConfigurationList = 373EC41524F7B6800096DA18 /* Build configuration list for PBXProject "HicolumnApp" */;
			compatibilityVersion = "Xcode 9.3";
			developmentRegion = en;
			hasScannedForEncodings = 0;
			knownRegions = (
				en,
				Base,
			);
			mainGroup = 373EC41124F7B6800096DA18;
			productRefGroup = 373EC41B24F7B6800096DA18 /* Products */;
			projectDirPath = "";
			projectRoot = "";
			targets = (
				373EC41924F7B6800096DA18 /* HicolumnApp */,
			);
		};
/* End PBXProject section */

/* Begin PBXResourcesBuildPhase section */
		373EC41824F7B6800096DA18 /* Resources */ = {
			isa = PBXResourcesBuildPhase;
			buildActionMask = 2147483647;
			files = (
				373EC42A24F7B6850096DA18 /* LaunchScreen.storyboard in Resources */,
				373EC42724F7B6850096DA18 /* Assets.xcassets in Resources */,
				373EC42524F7B6800096DA18 /* Main.storyboard in Resources */,
			);
			runOnlyForDeploymentPostprocessing = 0;
		};
/* End PBXResourcesBuildPhase section */

/* Begin PBXSourcesBuildPhase section */
		373EC41624F7B6800096DA18 /* Sources */ = {
			isa = PBXSourcesBuildPhase;
			buildActionMask = 2147483647;
			files = (
				373EC42224F7B6800096DA18 /* SplashController.swift in Sources */,
				373EC43424F7F9490096DA18 /* CreateAccountContoller.swift in Sources */,
				3730301A24F977F900F01158 /* CGFloat.swift in Sources */,
				3730301824F9774300F01158 /* AdaptiveConstraint.swift in Sources */,
				373EC41E24F7B6800096DA18 /* AppDelegate.swift in Sources */,
				377093E824FE66BB002BC6FA /* HSUnderlineTextField.swift in Sources */,
				373EC42024F7B6800096DA18 /* SceneDelegate.swift in Sources */,
				373EC43224F7CD100096DA18 /* ANCustomView.swift in Sources */,
			);
			runOnlyForDeploymentPostprocessing = 0;
		};
/* End PBXSourcesBuildPhase section */

/* Begin PBXVariantGroup section */
		373EC42324F7B6800096DA18 /* Main.storyboard */ = {
			isa = PBXVariantGroup;
			children = (
				373EC42424F7B6800096DA18 /* Base */,
			);
			name = Main.storyboard;
			sourceTree = "<group>";
		};
		373EC42824F7B6850096DA18 /* LaunchScreen.storyboard */ = {
			isa = PBXVariantGroup;
			children = (
				373EC42924F7B6850096DA18 /* Base */,
			);
			name = LaunchScreen.storyboard;
			sourceTree = "<group>";
		};
/* End PBXVariantGroup section */

/* Begin XCBuildConfiguration section */
		373EC42C24F7B6850096DA18 /* Debug */ = {
			isa = XCBuildConfiguration;
			buildSettings = {
				ALWAYS_SEARCH_USER_PATHS = NO;
				CLANG_ANALYZER_NONNULL = YES;
				CLANG_ANALYZER_NUMBER_OBJECT_CONVERSION = YES_AGGRESSIVE;
				CLANG_CXX_LANGUAGE_STANDARD = "gnu++14";
				CLANG_CXX_LIBRARY = "libc++";
				CLANG_ENABLE_MODULES = YES;
				CLANG_ENABLE_OBJC_ARC = YES;
				CLANG_ENABLE_OBJC_WEAK = YES;
				CLANG_WARN_BLOCK_CAPTURE_AUTORELEASING = YES;
				CLANG_WARN_BOOL_CONVERSION = YES;
				CLANG_WARN_COMMA = YES;
				CLANG_WARN_CONSTANT_CONVERSION = YES;
				CLANG_WARN_DEPRECATED_OBJC_IMPLEMENTATIONS = YES;
				CLANG_WARN_DIRECT_OBJC_ISA_USAGE = YES_ERROR;
				CLANG_WARN_DOCUMENTATION_COMMENTS = YES;
				CLANG_WARN_EMPTY_BODY = YES;
				CLANG_WARN_ENUM_CONVERSION = YES;
				CLANG_WARN_INFINITE_RECURSION = YES;
				CLANG_WARN_INT_CONVERSION = YES;
				CLANG_WARN_NON_LITERAL_NULL_CONVERSION = YES;
				CLANG_WARN_OBJC_IMPLICIT_RETAIN_SELF = YES;
				CLANG_WARN_OBJC_LITERAL_CONVERSION = YES;
				CLANG_WARN_OBJC_ROOT_CLASS = YES_ERROR;
				CLANG_WARN_RANGE_LOOP_ANALYSIS = YES;
				CLANG_WARN_STRICT_PROTOTYPES = YES;
				CLANG_WARN_SUSPICIOUS_MOVE = YES;
				CLANG_WARN_UNGUARDED_AVAILABILITY = YES_AGGRESSIVE;
				CLANG_WARN_UNREACHABLE_CODE = YES;
				CLANG_WARN__DUPLICATE_METHOD_MATCH = YES;
				COPY_PHASE_STRIP = NO;
				DEBUG_INFORMATION_FORMAT = dwarf;
				ENABLE_STRICT_OBJC_MSGSEND = YES;
				ENABLE_TESTABILITY = YES;
				GCC_C_LANGUAGE_STANDARD = gnu11;
				GCC_DYNAMIC_NO_PIC = NO;
				GCC_NO_COMMON_BLOCKS = YES;
				GCC_OPTIMIZATION_LEVEL = 0;
				GCC_PREPROCESSOR_DEFINITIONS = (
					"DEBUG=1",
					"$(inherited)",
				);
				GCC_WARN_64_TO_32_BIT_CONVERSION = YES;
				GCC_WARN_ABOUT_RETURN_TYPE = YES_ERROR;
				GCC_WARN_UNDECLARED_SELECTOR = YES;
				GCC_WARN_UNINITIALIZED_AUTOS = YES_AGGRESSIVE;
				GCC_WARN_UNUSED_FUNCTION = YES;
				GCC_WARN_UNUSED_VARIABLE = YES;
				IPHONEOS_DEPLOYMENT_TARGET = 13.6;
				MTL_ENABLE_DEBUG_INFO = INCLUDE_SOURCE;
				MTL_FAST_MATH = YES;
				ONLY_ACTIVE_ARCH = YES;
				SDKROOT = iphoneos;
				SWIFT_ACTIVE_COMPILATION_CONDITIONS = DEBUG;
				SWIFT_OPTIMIZATION_LEVEL = "-Onone";
			};
			name = Debug;
		};
		373EC42D24F7B6850096DA18 /* Release */ = {
			isa = XCBuildConfiguration;
			buildSettings = {
				ALWAYS_SEARCH_USER_PATHS = NO;
				CLANG_ANALYZER_NONNULL = YES;
				CLANG_ANALYZER_NUMBER_OBJECT_CONVERSION = YES_AGGRESSIVE;
				CLANG_CXX_LANGUAGE_STANDARD = "gnu++14";
				CLANG_CXX_LIBRARY = "libc++";
				CLANG_ENABLE_MODULES = YES;
				CLANG_ENABLE_OBJC_ARC = YES;
				CLANG_ENABLE_OBJC_WEAK = YES;
				CLANG_WARN_BLOCK_CAPTURE_AUTORELEASING = YES;
				CLANG_WARN_BOOL_CONVERSION = YES;
				CLANG_WARN_COMMA = YES;
				CLANG_WARN_CONSTANT_CONVERSION = YES;
				CLANG_WARN_DEPRECATED_OBJC_IMPLEMENTATIONS = YES;
				CLANG_WARN_DIRECT_OBJC_ISA_USAGE = YES_ERROR;
				CLANG_WARN_DOCUMENTATION_COMMENTS = YES;
				CLANG_WARN_EMPTY_BODY = YES;
				CLANG_WARN_ENUM_CONVERSION = YES;
				CLANG_WARN_INFINITE_RECURSION = YES;
				CLANG_WARN_INT_CONVERSION = YES;
				CLANG_WARN_NON_LITERAL_NULL_CONVERSION = YES;
				CLANG_WARN_OBJC_IMPLICIT_RETAIN_SELF = YES;
				CLANG_WARN_OBJC_LITERAL_CONVERSION = YES;
				CLANG_WARN_OBJC_ROOT_CLASS = YES_ERROR;
				CLANG_WARN_RANGE_LOOP_ANALYSIS = YES;
				CLANG_WARN_STRICT_PROTOTYPES = YES;
				CLANG_WARN_SUSPICIOUS_MOVE = YES;
				CLANG_WARN_UNGUARDED_AVAILABILITY = YES_AGGRESSIVE;
				CLANG_WARN_UNREACHABLE_CODE = YES;
				CLANG_WARN__DUPLICATE_METHOD_MATCH = YES;
				COPY_PHASE_STRIP = NO;
				DEBUG_INFORMATION_FORMAT = "dwarf-with-dsym";
				ENABLE_NS_ASSERTIONS = NO;
				ENABLE_STRICT_OBJC_MSGSEND = YES;
				GCC_C_LANGUAGE_STANDARD = gnu11;
				GCC_NO_COMMON_BLOCKS = YES;
				GCC_WARN_64_TO_32_BIT_CONVERSION = YES;
				GCC_WARN_ABOUT_RETURN_TYPE = YES_ERROR;
				GCC_WARN_UNDECLARED_SELECTOR = YES;
				GCC_WARN_UNINITIALIZED_AUTOS = YES_AGGRESSIVE;
				GCC_WARN_UNUSED_FUNCTION = YES;
				GCC_WARN_UNUSED_VARIABLE = YES;
				IPHONEOS_DEPLOYMENT_TARGET = 13.6;
				MTL_ENABLE_DEBUG_INFO = NO;
				MTL_FAST_MATH = YES;
				SDKROOT = iphoneos;
				SWIFT_COMPILATION_MODE = wholemodule;
				SWIFT_OPTIMIZATION_LEVEL = "-O";
				VALIDATE_PRODUCT = YES;
			};
			name = Release;
		};
		373EC42F24F7B6850096DA18 /* Debug */ = {
			isa = XCBuildConfiguration;
			buildSettings = {
				ASSETCATALOG_COMPILER_APPICON_NAME = AppIcon;
				CODE_SIGN_STYLE = Automatic;
				INFOPLIST_FILE = HicolumnApp/Info.plist;
				LD_RUNPATH_SEARCH_PATHS = (
					"$(inherited)",
					"@executable_path/Frameworks",
				);
				PRODUCT_BUNDLE_IDENTIFIER = com.cherish.HicolumnApp;
				PRODUCT_NAME = "$(TARGET_NAME)";
				SWIFT_VERSION = 5.0;
				TARGETED_DEVICE_FAMILY = "1,2";
			};
			name = Debug;
		};
		373EC43024F7B6850096DA18 /* Release */ = {
			isa = XCBuildConfiguration;
			buildSettings = {
				ASSETCATALOG_COMPILER_APPICON_NAME = AppIcon;
				CODE_SIGN_STYLE = Automatic;
				INFOPLIST_FILE = HicolumnApp/Info.plist;
				LD_RUNPATH_SEARCH_PATHS = (
					"$(inherited)",
					"@executable_path/Frameworks",
				);
				PRODUCT_BUNDLE_IDENTIFIER = com.cherish.HicolumnApp;
				PRODUCT_NAME = "$(TARGET_NAME)";
				SWIFT_VERSION = 5.0;
				TARGETED_DEVICE_FAMILY = "1,2";
			};
			name = Release;
		};
/* End XCBuildConfiguration section */

/* Begin XCConfigurationList section */
		373EC41524F7B6800096DA18 /* Build configuration list for PBXProject "HicolumnApp" */ = {
			isa = XCConfigurationList;
			buildConfigurations = (
				373EC42C24F7B6850096DA18 /* Debug */,
				373EC42D24F7B6850096DA18 /* Release */,
			);
			defaultConfigurationIsVisible = 0;
			defaultConfigurationName = Release;
		};
		373EC42E24F7B6850096DA18 /* Build configuration list for PBXNativeTarget "HicolumnApp" */ = {
			isa = XCConfigurationList;
			buildConfigurations = (
				373EC42F24F7B6850096DA18 /* Debug */,
				373EC43024F7B6850096DA18 /* Release */,
			);
			defaultConfigurationIsVisible = 0;
			defaultConfigurationName = Release;
		};
/* End XCConfigurationList section */
	};
	rootObject = 373EC41224F7B6800096DA18 /* Project object */;
}
